// !$*UTF8*$!
{
	archiveVersion = 1;
	classes = {
	};
	objectVersion = 46;
	objects = {

/* Begin PBXBuildFile section */
		330855F01A1B746200EFC272 /* AFHTTPRequestOperation.m in Sources */ = {isa = PBXBuildFile; fileRef = 330855CC1A1B746200EFC272 /* AFHTTPRequestOperation.m */; };
		330855F11A1B746200EFC272 /* AFHTTPRequestOperationManager.m in Sources */ = {isa = PBXBuildFile; fileRef = 330855CE1A1B746200EFC272 /* AFHTTPRequestOperationManager.m */; };
		330855F21A1B746200EFC272 /* AFHTTPSessionManager.m in Sources */ = {isa = PBXBuildFile; fileRef = 330855D01A1B746200EFC272 /* AFHTTPSessionManager.m */; };
		330855F31A1B746200EFC272 /* AFNetworkReachabilityManager.m in Sources */ = {isa = PBXBuildFile; fileRef = 330855D31A1B746200EFC272 /* AFNetworkReachabilityManager.m */; };
		330855F41A1B746200EFC272 /* AFSecurityPolicy.m in Sources */ = {isa = PBXBuildFile; fileRef = 330855D51A1B746200EFC272 /* AFSecurityPolicy.m */; };
		330855F51A1B746200EFC272 /* AFURLConnectionOperation.m in Sources */ = {isa = PBXBuildFile; fileRef = 330855D71A1B746200EFC272 /* AFURLConnectionOperation.m */; };
		330855F61A1B746200EFC272 /* AFURLRequestSerialization.m in Sources */ = {isa = PBXBuildFile; fileRef = 330855D91A1B746200EFC272 /* AFURLRequestSerialization.m */; };
		330855F71A1B746200EFC272 /* AFURLResponseSerialization.m in Sources */ = {isa = PBXBuildFile; fileRef = 330855DB1A1B746200EFC272 /* AFURLResponseSerialization.m */; };
		330855F81A1B746200EFC272 /* AFURLSessionManager.m in Sources */ = {isa = PBXBuildFile; fileRef = 330855DD1A1B746200EFC272 /* AFURLSessionManager.m */; };
		330855F91A1B746200EFC272 /* AFNetworkActivityIndicatorManager.m in Sources */ = {isa = PBXBuildFile; fileRef = 330855E01A1B746200EFC272 /* AFNetworkActivityIndicatorManager.m */; };
		330855FA1A1B746200EFC272 /* UIActivityIndicatorView+AFNetworking.m in Sources */ = {isa = PBXBuildFile; fileRef = 330855E21A1B746200EFC272 /* UIActivityIndicatorView+AFNetworking.m */; };
		330855FB1A1B746200EFC272 /* UIAlertView+AFNetworking.m in Sources */ = {isa = PBXBuildFile; fileRef = 330855E41A1B746200EFC272 /* UIAlertView+AFNetworking.m */; };
		330855FC1A1B746200EFC272 /* UIButton+AFNetworking.m in Sources */ = {isa = PBXBuildFile; fileRef = 330855E61A1B746200EFC272 /* UIButton+AFNetworking.m */; };
		330855FD1A1B746200EFC272 /* UIImageView+AFNetworking.m in Sources */ = {isa = PBXBuildFile; fileRef = 330855E81A1B746200EFC272 /* UIImageView+AFNetworking.m */; };
		330855FE1A1B746200EFC272 /* UIProgressView+AFNetworking.m in Sources */ = {isa = PBXBuildFile; fileRef = 330855EB1A1B746200EFC272 /* UIProgressView+AFNetworking.m */; };
		330855FF1A1B746200EFC272 /* UIRefreshControl+AFNetworking.m in Sources */ = {isa = PBXBuildFile; fileRef = 330855ED1A1B746200EFC272 /* UIRefreshControl+AFNetworking.m */; };
		330856001A1B746200EFC272 /* UIWebView+AFNetworking.m in Sources */ = {isa = PBXBuildFile; fileRef = 330855EF1A1B746200EFC272 /* UIWebView+AFNetworking.m */; };
		41E5151A1A1B4B1A00A3DD56 /* m3u8.txt in Resources */ = {isa = PBXBuildFile; fileRef = 41E515191A1B4B1A00A3DD56 /* m3u8.txt */; };
		41F1E3D31A19F0D0009A823F /* AppDelegate.swift in Sources */ = {isa = PBXBuildFile; fileRef = 41F1E3D21A19F0D0009A823F /* AppDelegate.swift */; };
		41F1E3D51A19F0D0009A823F /* ViewController.swift in Sources */ = {isa = PBXBuildFile; fileRef = 41F1E3D41A19F0D0009A823F /* ViewController.swift */; };
		41F1E3D81A19F0D0009A823F /* Main.storyboard in Resources */ = {isa = PBXBuildFile; fileRef = 41F1E3D61A19F0D0009A823F /* Main.storyboard */; };
		41F1E3DA1A19F0D0009A823F /* Images.xcassets in Resources */ = {isa = PBXBuildFile; fileRef = 41F1E3D91A19F0D0009A823F /* Images.xcassets */; };
		41F1E3DD1A19F0D0009A823F /* LaunchScreen.xib in Resources */ = {isa = PBXBuildFile; fileRef = 41F1E3DB1A19F0D0009A823F /* LaunchScreen.xib */; };
		41F1E3E91A19F0D0009A823F /* M3U8PlayerTests.swift in Sources */ = {isa = PBXBuildFile; fileRef = 41F1E3E81A19F0D0009A823F /* M3U8PlayerTests.swift */; };
/* End PBXBuildFile section */

/* Begin PBXContainerItemProxy section */
		41F1E3E31A19F0D0009A823F /* PBXContainerItemProxy */ = {
			isa = PBXContainerItemProxy;
			containerPortal = 41F1E3C51A19F0D0009A823F /* Project object */;
			proxyType = 1;
			remoteGlobalIDString = 41F1E3CC1A19F0D0009A823F;
			remoteInfo = M3U8Player;
		};
/* End PBXContainerItemProxy section */

/* Begin PBXCopyFilesBuildPhase section */
		41E703831A1B3B0B00B5F91A /* Embed Frameworks */ = {
			isa = PBXCopyFilesBuildPhase;
			buildActionMask = 2147483647;
			dstPath = "";
			dstSubfolderSpec = 10;
			files = (
			);
			name = "Embed Frameworks";
			runOnlyForDeploymentPostprocessing = 0;
		};
/* End PBXCopyFilesBuildPhase section */

/* Begin PBXFileReference section */
		330855CB1A1B746200EFC272 /* AFHTTPRequestOperation.h */ = {isa = PBXFileReference; fileEncoding = 4; lastKnownFileType = sourcecode.c.h; path = AFHTTPRequestOperation.h; sourceTree = "<group>"; };
		330855CC1A1B746200EFC272 /* AFHTTPRequestOperation.m */ = {isa = PBXFileReference; fileEncoding = 4; lastKnownFileType = sourcecode.c.objc; path = AFHTTPRequestOperation.m; sourceTree = "<group>"; };
		330855CD1A1B746200EFC272 /* AFHTTPRequestOperationManager.h */ = {isa = PBXFileReference; fileEncoding = 4; lastKnownFileType = sourcecode.c.h; path = AFHTTPRequestOperationManager.h; sourceTree = "<group>"; };
		330855CE1A1B746200EFC272 /* AFHTTPRequestOperationManager.m */ = {isa = PBXFileReference; fileEncoding = 4; lastKnownFileType = sourcecode.c.objc; path = AFHTTPRequestOperationManager.m; sourceTree = "<group>"; };
		330855CF1A1B746200EFC272 /* AFHTTPSessionManager.h */ = {isa = PBXFileReference; fileEncoding = 4; lastKnownFileType = sourcecode.c.h; path = AFHTTPSessionManager.h; sourceTree = "<group>"; };
		330855D01A1B746200EFC272 /* AFHTTPSessionManager.m */ = {isa = PBXFileReference; fileEncoding = 4; lastKnownFileType = sourcecode.c.objc; path = AFHTTPSessionManager.m; sourceTree = "<group>"; };
		330855D11A1B746200EFC272 /* AFNetworking.h */ = {isa = PBXFileReference; fileEncoding = 4; lastKnownFileType = sourcecode.c.h; path = AFNetworking.h; sourceTree = "<group>"; };
		330855D21A1B746200EFC272 /* AFNetworkReachabilityManager.h */ = {isa = PBXFileReference; fileEncoding = 4; lastKnownFileType = sourcecode.c.h; path = AFNetworkReachabilityManager.h; sourceTree = "<group>"; };
		330855D31A1B746200EFC272 /* AFNetworkReachabilityManager.m */ = {isa = PBXFileReference; fileEncoding = 4; lastKnownFileType = sourcecode.c.objc; path = AFNetworkReachabilityManager.m; sourceTree = "<group>"; };
		330855D41A1B746200EFC272 /* AFSecurityPolicy.h */ = {isa = PBXFileReference; fileEncoding = 4; lastKnownFileType = sourcecode.c.h; path = AFSecurityPolicy.h; sourceTree = "<group>"; };
		330855D51A1B746200EFC272 /* AFSecurityPolicy.m */ = {isa = PBXFileReference; fileEncoding = 4; lastKnownFileType = sourcecode.c.objc; path = AFSecurityPolicy.m; sourceTree = "<group>"; };
		330855D61A1B746200EFC272 /* AFURLConnectionOperation.h */ = {isa = PBXFileReference; fileEncoding = 4; lastKnownFileType = sourcecode.c.h; path = AFURLConnectionOperation.h; sourceTree = "<group>"; };
		330855D71A1B746200EFC272 /* AFURLConnectionOperation.m */ = {isa = PBXFileReference; fileEncoding = 4; lastKnownFileType = sourcecode.c.objc; path = AFURLConnectionOperation.m; sourceTree = "<group>"; };
		330855D81A1B746200EFC272 /* AFURLRequestSerialization.h */ = {isa = PBXFileReference; fileEncoding = 4; lastKnownFileType = sourcecode.c.h; path = AFURLRequestSerialization.h; sourceTree = "<group>"; };
		330855D91A1B746200EFC272 /* AFURLRequestSerialization.m */ = {isa = PBXFileReference; fileEncoding = 4; lastKnownFileType = sourcecode.c.objc; path = AFURLRequestSerialization.m; sourceTree = "<group>"; };
		330855DA1A1B746200EFC272 /* AFURLResponseSerialization.h */ = {isa = PBXFileReference; fileEncoding = 4; lastKnownFileType = sourcecode.c.h; path = AFURLResponseSerialization.h; sourceTree = "<group>"; };
		330855DB1A1B746200EFC272 /* AFURLResponseSerialization.m */ = {isa = PBXFileReference; fileEncoding = 4; lastKnownFileType = sourcecode.c.objc; path = AFURLResponseSerialization.m; sourceTree = "<group>"; };
		330855DC1A1B746200EFC272 /* AFURLSessionManager.h */ = {isa = PBXFileReference; fileEncoding = 4; lastKnownFileType = sourcecode.c.h; path = AFURLSessionManager.h; sourceTree = "<group>"; };
		330855DD1A1B746200EFC272 /* AFURLSessionManager.m */ = {isa = PBXFileReference; fileEncoding = 4; lastKnownFileType = sourcecode.c.objc; path = AFURLSessionManager.m; sourceTree = "<group>"; };
		330855DF1A1B746200EFC272 /* AFNetworkActivityIndicatorManager.h */ = {isa = PBXFileReference; fileEncoding = 4; lastKnownFileType = sourcecode.c.h; path = AFNetworkActivityIndicatorManager.h; sourceTree = "<group>"; };
		330855E01A1B746200EFC272 /* AFNetworkActivityIndicatorManager.m */ = {isa = PBXFileReference; fileEncoding = 4; lastKnownFileType = sourcecode.c.objc; path = AFNetworkActivityIndicatorManager.m; sourceTree = "<group>"; };
		330855E11A1B746200EFC272 /* UIActivityIndicatorView+AFNetworking.h */ = {isa = PBXFileReference; fileEncoding = 4; lastKnownFileType = sourcecode.c.h; path = "UIActivityIndicatorView+AFNetworking.h"; sourceTree = "<group>"; };
		330855E21A1B746200EFC272 /* UIActivityIndicatorView+AFNetworking.m */ = {isa = PBXFileReference; fileEncoding = 4; lastKnownFileType = sourcecode.c.objc; path = "UIActivityIndicatorView+AFNetworking.m"; sourceTree = "<group>"; };
		330855E31A1B746200EFC272 /* UIAlertView+AFNetworking.h */ = {isa = PBXFileReference; fileEncoding = 4; lastKnownFileType = sourcecode.c.h; path = "UIAlertView+AFNetworking.h"; sourceTree = "<group>"; };
		330855E41A1B746200EFC272 /* UIAlertView+AFNetworking.m */ = {isa = PBXFileReference; fileEncoding = 4; lastKnownFileType = sourcecode.c.objc; path = "UIAlertView+AFNetworking.m"; sourceTree = "<group>"; };
		330855E51A1B746200EFC272 /* UIButton+AFNetworking.h */ = {isa = PBXFileReference; fileEncoding = 4; lastKnownFileType = sourcecode.c.h; path = "UIButton+AFNetworking.h"; sourceTree = "<group>"; };
		330855E61A1B746200EFC272 /* UIButton+AFNetworking.m */ = {isa = PBXFileReference; fileEncoding = 4; lastKnownFileType = sourcecode.c.objc; path = "UIButton+AFNetworking.m"; sourceTree = "<group>"; };
		330855E71A1B746200EFC272 /* UIImageView+AFNetworking.h */ = {isa = PBXFileReference; fileEncoding = 4; lastKnownFileType = sourcecode.c.h; path = "UIImageView+AFNetworking.h"; sourceTree = "<group>"; };
		330855E81A1B746200EFC272 /* UIImageView+AFNetworking.m */ = {isa = PBXFileReference; fileEncoding = 4; lastKnownFileType = sourcecode.c.objc; path = "UIImageView+AFNetworking.m"; sourceTree = "<group>"; };
		330855E91A1B746200EFC272 /* UIKit+AFNetworking.h */ = {isa = PBXFileReference; fileEncoding = 4; lastKnownFileType = sourcecode.c.h; path = "UIKit+AFNetworking.h"; sourceTree = "<group>"; };
		330855EA1A1B746200EFC272 /* UIProgressView+AFNetworking.h */ = {isa = PBXFileReference; fileEncoding = 4; lastKnownFileType = sourcecode.c.h; path = "UIProgressView+AFNetworking.h"; sourceTree = "<group>"; };
		330855EB1A1B746200EFC272 /* UIProgressView+AFNetworking.m */ = {isa = PBXFileReference; fileEncoding = 4; lastKnownFileType = sourcecode.c.objc; path = "UIProgressView+AFNetworking.m"; sourceTree = "<group>"; };
		330855EC1A1B746200EFC272 /* UIRefreshControl+AFNetworking.h */ = {isa = PBXFileReference; fileEncoding = 4; lastKnownFileType = sourcecode.c.h; path = "UIRefreshControl+AFNetworking.h"; sourceTree = "<group>"; };
		330855ED1A1B746200EFC272 /* UIRefreshControl+AFNetworking.m */ = {isa = PBXFileReference; fileEncoding = 4; lastKnownFileType = sourcecode.c.objc; path = "UIRefreshControl+AFNetworking.m"; sourceTree = "<group>"; };
		330855EE1A1B746200EFC272 /* UIWebView+AFNetworking.h */ = {isa = PBXFileReference; fileEncoding = 4; lastKnownFileType = sourcecode.c.h; path = "UIWebView+AFNetworking.h"; sourceTree = "<group>"; };
		330855EF1A1B746200EFC272 /* UIWebView+AFNetworking.m */ = {isa = PBXFileReference; fileEncoding = 4; lastKnownFileType = sourcecode.c.objc; path = "UIWebView+AFNetworking.m"; sourceTree = "<group>"; };
		330856011A1B747300EFC272 /* Header.h */ = {isa = PBXFileReference; fileEncoding = 4; lastKnownFileType = sourcecode.c.h; path = Header.h; sourceTree = "<group>"; };
		41E515191A1B4B1A00A3DD56 /* m3u8.txt */ = {isa = PBXFileReference; fileEncoding = 4; lastKnownFileType = text; path = m3u8.txt; sourceTree = "<group>"; };
		41F1E3CD1A19F0D0009A823F /* M3U8Player.app */ = {isa = PBXFileReference; explicitFileType = wrapper.application; includeInIndex = 0; path = M3U8Player.app; sourceTree = BUILT_PRODUCTS_DIR; };
		41F1E3D11A19F0D0009A823F /* Info.plist */ = {isa = PBXFileReference; lastKnownFileType = text.plist.xml; path = Info.plist; sourceTree = "<group>"; };
		41F1E3D21A19F0D0009A823F /* AppDelegate.swift */ = {isa = PBXFileReference; lastKnownFileType = sourcecode.swift; path = AppDelegate.swift; sourceTree = "<group>"; };
		41F1E3D41A19F0D0009A823F /* ViewController.swift */ = {isa = PBXFileReference; lastKnownFileType = sourcecode.swift; path = ViewController.swift; sourceTree = "<group>"; };
		41F1E3D71A19F0D0009A823F /* Base */ = {isa = PBXFileReference; lastKnownFileType = file.storyboard; name = Base; path = Base.lproj/Main.storyboard; sourceTree = "<group>"; };
		41F1E3D91A19F0D0009A823F /* Images.xcassets */ = {isa = PBXFileReference; lastKnownFileType = folder.assetcatalog; path = Images.xcassets; sourceTree = "<group>"; };
		41F1E3DC1A19F0D0009A823F /* Base */ = {isa = PBXFileReference; lastKnownFileType = file.xib; name = Base; path = Base.lproj/LaunchScreen.xib; sourceTree = "<group>"; };
		41F1E3E21A19F0D0009A823F /* M3U8PlayerTests.xctest */ = {isa = PBXFileReference; explicitFileType = wrapper.cfbundle; includeInIndex = 0; path = M3U8PlayerTests.xctest; sourceTree = BUILT_PRODUCTS_DIR; };
		41F1E3E71A19F0D0009A823F /* Info.plist */ = {isa = PBXFileReference; lastKnownFileType = text.plist.xml; path = Info.plist; sourceTree = "<group>"; };
		41F1E3E81A19F0D0009A823F /* M3U8PlayerTests.swift */ = {isa = PBXFileReference; lastKnownFileType = sourcecode.swift; path = M3U8PlayerTests.swift; sourceTree = "<group>"; };
/* End PBXFileReference section */

/* Begin PBXFrameworksBuildPhase section */
		41F1E3CA1A19F0D0009A823F /* Frameworks */ = {
			isa = PBXFrameworksBuildPhase;
			buildActionMask = 2147483647;
			files = (
			);
			runOnlyForDeploymentPostprocessing = 0;
		};
		41F1E3DF1A19F0D0009A823F /* Frameworks */ = {
			isa = PBXFrameworksBuildPhase;
			buildActionMask = 2147483647;
			files = (
			);
			runOnlyForDeploymentPostprocessing = 0;
		};
/* End PBXFrameworksBuildPhase section */

/* Begin PBXGroup section */
		330855CA1A1B746200EFC272 /* AFNetworking */ = {
			isa = PBXGroup;
			children = (
				330855CB1A1B746200EFC272 /* AFHTTPRequestOperation.h */,
				330855CC1A1B746200EFC272 /* AFHTTPRequestOperation.m */,
				330855CD1A1B746200EFC272 /* AFHTTPRequestOperationManager.h */,
				330855CE1A1B746200EFC272 /* AFHTTPRequestOperationManager.m */,
				330855CF1A1B746200EFC272 /* AFHTTPSessionManager.h */,
				330855D01A1B746200EFC272 /* AFHTTPSessionManager.m */,
				330855D11A1B746200EFC272 /* AFNetworking.h */,
				330855D21A1B746200EFC272 /* AFNetworkReachabilityManager.h */,
				330855D31A1B746200EFC272 /* AFNetworkReachabilityManager.m */,
				330855D41A1B746200EFC272 /* AFSecurityPolicy.h */,
				330855D51A1B746200EFC272 /* AFSecurityPolicy.m */,
				330855D61A1B746200EFC272 /* AFURLConnectionOperation.h */,
				330855D71A1B746200EFC272 /* AFURLConnectionOperation.m */,
				330855D81A1B746200EFC272 /* AFURLRequestSerialization.h */,
				330855D91A1B746200EFC272 /* AFURLRequestSerialization.m */,
				330855DA1A1B746200EFC272 /* AFURLResponseSerialization.h */,
				330855DB1A1B746200EFC272 /* AFURLResponseSerialization.m */,
				330855DC1A1B746200EFC272 /* AFURLSessionManager.h */,
				330855DD1A1B746200EFC272 /* AFURLSessionManager.m */,
			);
			path = AFNetworking;
			sourceTree = "<group>";
		};
		330855DE1A1B746200EFC272 /* UIKit+AFNetworking */ = {
			isa = PBXGroup;
			children = (
				330855DF1A1B746200EFC272 /* AFNetworkActivityIndicatorManager.h */,
				330855E01A1B746200EFC272 /* AFNetworkActivityIndicatorManager.m */,
				330855E11A1B746200EFC272 /* UIActivityIndicatorView+AFNetworking.h */,
				330855E21A1B746200EFC272 /* UIActivityIndicatorView+AFNetworking.m */,
				330855E31A1B746200EFC272 /* UIAlertView+AFNetworking.h */,
				330855E41A1B746200EFC272 /* UIAlertView+AFNetworking.m */,
				330855E51A1B746200EFC272 /* UIButton+AFNetworking.h */,
				330855E61A1B746200EFC272 /* UIButton+AFNetworking.m */,
				330855E71A1B746200EFC272 /* UIImageView+AFNetworking.h */,
				330855E81A1B746200EFC272 /* UIImageView+AFNetworking.m */,
				330855E91A1B746200EFC272 /* UIKit+AFNetworking.h */,
				330855EA1A1B746200EFC272 /* UIProgressView+AFNetworking.h */,
				330855EB1A1B746200EFC272 /* UIProgressView+AFNetworking.m */,
				330855EC1A1B746200EFC272 /* UIRefreshControl+AFNetworking.h */,
				330855ED1A1B746200EFC272 /* UIRefreshControl+AFNetworking.m */,
				330855EE1A1B746200EFC272 /* UIWebView+AFNetworking.h */,
				330855EF1A1B746200EFC272 /* UIWebView+AFNetworking.m */,
			);
			path = "UIKit+AFNetworking";
			sourceTree = "<group>";
		};
		41F1E3C41A19F0D0009A823F = {
			isa = PBXGroup;
			children = (
				41F1E3CF1A19F0D0009A823F /* M3U8Player */,
				41F1E3E51A19F0D0009A823F /* M3U8PlayerTests */,
				41F1E3CE1A19F0D0009A823F /* Products */,
			);
			sourceTree = "<group>";
		};
		41F1E3CE1A19F0D0009A823F /* Products */ = {
			isa = PBXGroup;
			children = (
				41F1E3CD1A19F0D0009A823F /* M3U8Player.app */,
				41F1E3E21A19F0D0009A823F /* M3U8PlayerTests.xctest */,
			);
			name = Products;
			sourceTree = "<group>";
		};
		41F1E3CF1A19F0D0009A823F /* M3U8Player */ = {
			isa = PBXGroup;
			children = (
				330855CA1A1B746200EFC272 /* AFNetworking */,
				330855DE1A1B746200EFC272 /* UIKit+AFNetworking */,
				41F1E3D21A19F0D0009A823F /* AppDelegate.swift */,
				41F1E3D41A19F0D0009A823F /* ViewController.swift */,
				41F1E3D61A19F0D0009A823F /* Main.storyboard */,
				41F1E3D91A19F0D0009A823F /* Images.xcassets */,
				41F1E3DB1A19F0D0009A823F /* LaunchScreen.xib */,
				41F1E3D01A19F0D0009A823F /* Supporting Files */,
				41E515191A1B4B1A00A3DD56 /* m3u8.txt */,
				330856011A1B747300EFC272 /* Header.h */,
			);
			path = M3U8Player;
			sourceTree = "<group>";
		};
		41F1E3D01A19F0D0009A823F /* Supporting Files */ = {
			isa = PBXGroup;
			children = (
				41F1E3D11A19F0D0009A823F /* Info.plist */,
			);
			name = "Supporting Files";
			sourceTree = "<group>";
		};
		41F1E3E51A19F0D0009A823F /* M3U8PlayerTests */ = {
			isa = PBXGroup;
			children = (
				41F1E3E81A19F0D0009A823F /* M3U8PlayerTests.swift */,
				41F1E3E61A19F0D0009A823F /* Supporting Files */,
			);
			path = M3U8PlayerTests;
			sourceTree = "<group>";
		};
		41F1E3E61A19F0D0009A823F /* Supporting Files */ = {
			isa = PBXGroup;
			children = (
				41F1E3E71A19F0D0009A823F /* Info.plist */,
			);
			name = "Supporting Files";
			sourceTree = "<group>";
		};
/* End PBXGroup section */

/* Begin PBXNativeTarget section */
		41F1E3CC1A19F0D0009A823F /* M3U8Player */ = {
			isa = PBXNativeTarget;
			buildConfigurationList = 41F1E3EC1A19F0D0009A823F /* Build configuration list for PBXNativeTarget "M3U8Player" */;
			buildPhases = (
				41F1E3C91A19F0D0009A823F /* Sources */,
				41F1E3CA1A19F0D0009A823F /* Frameworks */,
				41F1E3CB1A19F0D0009A823F /* Resources */,
				41E703831A1B3B0B00B5F91A /* Embed Frameworks */,
			);
			buildRules = (
			);
			dependencies = (
			);
			name = M3U8Player;
			productName = M3U8Player;
			productReference = 41F1E3CD1A19F0D0009A823F /* M3U8Player.app */;
			productType = "com.apple.product-type.application";
		};
		41F1E3E11A19F0D0009A823F /* M3U8PlayerTests */ = {
			isa = PBXNativeTarget;
			buildConfigurationList = 41F1E3EF1A19F0D0009A823F /* Build configuration list for PBXNativeTarget "M3U8PlayerTests" */;
			buildPhases = (
				41F1E3DE1A19F0D0009A823F /* Sources */,
				41F1E3DF1A19F0D0009A823F /* Frameworks */,
				41F1E3E01A19F0D0009A823F /* Resources */,
			);
			buildRules = (
			);
			dependencies = (
				41F1E3E41A19F0D0009A823F /* PBXTargetDependency */,
			);
			name = M3U8PlayerTests;
			productName = M3U8PlayerTests;
			productReference = 41F1E3E21A19F0D0009A823F /* M3U8PlayerTests.xctest */;
			productType = "com.apple.product-type.bundle.unit-test";
		};
/* End PBXNativeTarget section */

/* Begin PBXProject section */
		41F1E3C51A19F0D0009A823F /* Project object */ = {
			isa = PBXProject;
			attributes = {
				LastUpgradeCheck = 0610;
				ORGANIZATIONNAME = Clinic;
				TargetAttributes = {
					41F1E3CC1A19F0D0009A823F = {
						CreatedOnToolsVersion = 6.1;
					};
					41F1E3E11A19F0D0009A823F = {
						CreatedOnToolsVersion = 6.1;
						TestTargetID = 41F1E3CC1A19F0D0009A823F;
					};
				};
			};
			buildConfigurationList = 41F1E3C81A19F0D0009A823F /* Build configuration list for PBXProject "M3U8Player" */;
			compatibilityVersion = "Xcode 3.2";
			developmentRegion = English;
			hasScannedForEncodings = 0;
			knownRegions = (
				en,
				Base,
			);
			mainGroup = 41F1E3C41A19F0D0009A823F;
			productRefGroup = 41F1E3CE1A19F0D0009A823F /* Products */;
			projectDirPath = "";
			projectRoot = "";
			targets = (
				41F1E3CC1A19F0D0009A823F /* M3U8Player */,
				41F1E3E11A19F0D0009A823F /* M3U8PlayerTests */,
			);
		};
/* End PBXProject section */

/* Begin PBXResourcesBuildPhase section */
		41F1E3CB1A19F0D0009A823F /* Resources */ = {
			isa = PBXResourcesBuildPhase;
			buildActionMask = 2147483647;
			files = (
				41F1E3D81A19F0D0009A823F /* Main.storyboard in Resources */,
				41F1E3DD1A19F0D0009A823F /* LaunchScreen.xib in Resources */,
				41F1E3DA1A19F0D0009A823F /* Images.xcassets in Resources */,
				41E5151A1A1B4B1A00A3DD56 /* m3u8.txt in Resources */,
			);
			runOnlyForDeploymentPostprocessing = 0;
		};
		41F1E3E01A19F0D0009A823F /* Resources */ = {
			isa = PBXResourcesBuildPhase;
			buildActionMask = 2147483647;
			files = (
			);
			runOnlyForDeploymentPostprocessing = 0;
		};
/* End PBXResourcesBuildPhase section */

/* Begin PBXSourcesBuildPhase section */
		41F1E3C91A19F0D0009A823F /* Sources */ = {
			isa = PBXSourcesBuildPhase;
			buildActionMask = 2147483647;
			files = (
				330855F61A1B746200EFC272 /* AFURLRequestSerialization.m in Sources */,
				330855F51A1B746200EFC272 /* AFURLConnectionOperation.m in Sources */,
				330855FB1A1B746200EFC272 /* UIAlertView+AFNetworking.m in Sources */,
				330855F41A1B746200EFC272 /* AFSecurityPolicy.m in Sources */,
				330855F01A1B746200EFC272 /* AFHTTPRequestOperation.m in Sources */,
				330855F81A1B746200EFC272 /* AFURLSessionManager.m in Sources */,
				330855F71A1B746200EFC272 /* AFURLResponseSerialization.m in Sources */,
				41F1E3D51A19F0D0009A823F /* ViewController.swift in Sources */,
				330855FE1A1B746200EFC272 /* UIProgressView+AFNetworking.m in Sources */,
				330855F21A1B746200EFC272 /* AFHTTPSessionManager.m in Sources */,
				330855F91A1B746200EFC272 /* AFNetworkActivityIndicatorManager.m in Sources */,
				330855F11A1B746200EFC272 /* AFHTTPRequestOperationManager.m in Sources */,
				330855FD1A1B746200EFC272 /* UIImageView+AFNetworking.m in Sources */,
				330855FC1A1B746200EFC272 /* UIButton+AFNetworking.m in Sources */,
				330855FF1A1B746200EFC272 /* UIRefreshControl+AFNetworking.m in Sources */,
				330856001A1B746200EFC272 /* UIWebView+AFNetworking.m in Sources */,
				330855F31A1B746200EFC272 /* AFNetworkReachabilityManager.m in Sources */,
				41F1E3D31A19F0D0009A823F /* AppDelegate.swift in Sources */,
				330855FA1A1B746200EFC272 /* UIActivityIndicatorView+AFNetworking.m in Sources */,
			);
			runOnlyForDeploymentPostprocessing = 0;
		};
		41F1E3DE1A19F0D0009A823F /* Sources */ = {
			isa = PBXSourcesBuildPhase;
			buildActionMask = 2147483647;
			files = (
				41F1E3E91A19F0D0009A823F /* M3U8PlayerTests.swift in Sources */,
			);
			runOnlyForDeploymentPostprocessing = 0;
		};
/* End PBXSourcesBuildPhase section */

/* Begin PBXTargetDependency section */
		41F1E3E41A19F0D0009A823F /* PBXTargetDependency */ = {
			isa = PBXTargetDependency;
			target = 41F1E3CC1A19F0D0009A823F /* M3U8Player */;
			targetProxy = 41F1E3E31A19F0D0009A823F /* PBXContainerItemProxy */;
		};
/* End PBXTargetDependency section */

/* Begin PBXVariantGroup section */
		41F1E3D61A19F0D0009A823F /* Main.storyboard */ = {
			isa = PBXVariantGroup;
			children = (
				41F1E3D71A19F0D0009A823F /* Base */,
			);
			name = Main.storyboard;
			sourceTree = "<group>";
		};
		41F1E3DB1A19F0D0009A823F /* LaunchScreen.xib */ = {
			isa = PBXVariantGroup;
			children = (
				41F1E3DC1A19F0D0009A823F /* Base */,
			);
			name = LaunchScreen.xib;
			sourceTree = "<group>";
		};
/* End PBXVariantGroup section */

/* Begin XCBuildConfiguration section */
		41F1E3EA1A19F0D0009A823F /* Debug */ = {
			isa = XCBuildConfiguration;
			buildSettings = {
				ALWAYS_SEARCH_USER_PATHS = NO;
				CLANG_CXX_LANGUAGE_STANDARD = "gnu++0x";
				CLANG_CXX_LIBRARY = "libc++";
				CLANG_ENABLE_MODULES = YES;
				CLANG_ENABLE_OBJC_ARC = YES;
				CLANG_WARN_BOOL_CONVERSION = YES;
				CLANG_WARN_CONSTANT_CONVERSION = YES;
				CLANG_WARN_DIRECT_OBJC_ISA_USAGE = YES_ERROR;
				CLANG_WARN_EMPTY_BODY = YES;
				CLANG_WARN_ENUM_CONVERSION = YES;
				CLANG_WARN_INT_CONVERSION = YES;
				CLANG_WARN_OBJC_ROOT_CLASS = YES_ERROR;
				CLANG_WARN_UNREACHABLE_CODE = YES;
				CLANG_WARN__DUPLICATE_METHOD_MATCH = YES;
				"CODE_SIGN_IDENTITY[sdk=iphoneos*]" = "iPhone Developer";
				COPY_PHASE_STRIP = NO;
				ENABLE_STRICT_OBJC_MSGSEND = YES;
				GCC_C_LANGUAGE_STANDARD = gnu99;
				GCC_DYNAMIC_NO_PIC = NO;
				GCC_OPTIMIZATION_LEVEL = 0;
				GCC_PREPROCESSOR_DEFINITIONS = (
					"DEBUG=1",
					"$(inherited)",
				);
				GCC_SYMBOLS_PRIVATE_EXTERN = NO;
				GCC_WARN_64_TO_32_BIT_CONVERSION = YES;
				GCC_WARN_ABOUT_RETURN_TYPE = YES_ERROR;
				GCC_WARN_UNDECLARED_SELECTOR = YES;
				GCC_WARN_UNINITIALIZED_AUTOS = YES_AGGRESSIVE;
				GCC_WARN_UNUSED_FUNCTION = YES;
				GCC_WARN_UNUSED_VARIABLE = YES;
				IPHONEOS_DEPLOYMENT_TARGET = 8.1;
				MTL_ENABLE_DEBUG_INFO = YES;
				ONLY_ACTIVE_ARCH = YES;
				SDKROOT = iphoneos;
				SWIFT_OPTIMIZATION_LEVEL = "-Onone";
				TARGETED_DEVICE_FAMILY = "1,2";
			};
			name = Debug;
		};
		41F1E3EB1A19F0D0009A823F /* Release */ = {
			isa = XCBuildConfiguration;
			buildSettings = {
				ALWAYS_SEARCH_USER_PATHS = NO;
				CLANG_CXX_LANGUAGE_STANDARD = "gnu++0x";
				CLANG_CXX_LIBRARY = "libc++";
				CLANG_ENABLE_MODULES = YES;
				CLANG_ENABLE_OBJC_ARC = YES;
				CLANG_WARN_BOOL_CONVERSION = YES;
				CLANG_WARN_CONSTANT_CONVERSION = YES;
				CLANG_WARN_DIRECT_OBJC_ISA_USAGE = YES_ERROR;
				CLANG_WARN_EMPTY_BODY = YES;
				CLANG_WARN_ENUM_CONVERSION = YES;
				CLANG_WARN_INT_CONVERSION = YES;
				CLANG_WARN_OBJC_ROOT_CLASS = YES_ERROR;
				CLANG_WARN_UNREACHABLE_CODE = YES;
				CLANG_WARN__DUPLICATE_METHOD_MATCH = YES;
				"CODE_SIGN_IDENTITY[sdk=iphoneos*]" = "iPhone Developer";
				COPY_PHASE_STRIP = YES;
				ENABLE_NS_ASSERTIONS = NO;
				ENABLE_STRICT_OBJC_MSGSEND = YES;
				GCC_C_LANGUAGE_STANDARD = gnu99;
				GCC_WARN_64_TO_32_BIT_CONVERSION = YES;
				GCC_WARN_ABOUT_RETURN_TYPE = YES_ERROR;
				GCC_WARN_UNDECLARED_SELECTOR = YES;
				GCC_WARN_UNINITIALIZED_AUTOS = YES_AGGRESSIVE;
				GCC_WARN_UNUSED_FUNCTION = YES;
				GCC_WARN_UNUSED_VARIABLE = YES;
				IPHONEOS_DEPLOYMENT_TARGET = 8.1;
				MTL_ENABLE_DEBUG_INFO = NO;
				SDKROOT = iphoneos;
				TARGETED_DEVICE_FAMILY = "1,2";
				VALIDATE_PRODUCT = YES;
			};
			name = Release;
		};
		41F1E3ED1A19F0D0009A823F /* Debug */ = {
			isa = XCBuildConfiguration;
			buildSettings = {
				ASSETCATALOG_COMPILER_APPICON_NAME = AppIcon;
				FRAMEWORK_SEARCH_PATHS = (
					"$(inherited)",
					"$(USER_LIBRARY_DIR)/Developer/Xcode/DerivedData/KinyLib-aqwpjntapjxvjggksvnqvqpjztkx/Build/Products/Debug-iphoneos",
					"$(USER_LIBRARY_DIR)/Developer/Xcode/DerivedData/KinyLib-erjqsiicavfjidgimdtcienrclpj/Build/Products/Debug-iphoneos",
					"$(USER_LIBRARY_DIR)/Developer/Xcode/DerivedData/KinyLib-erjqsiicavfjidgimdtcienrclpj/Build/Products/Debug-iphonesimulator",
					"$(USER_LIBRARY_DIR)/Developer/Xcode/DerivedData/KinyLib-dfysbgxavxecgyfprrkyshinjpgd/Build/Products/Debug-iphoneos",
					"$(USER_LIBRARY_DIR)/Developer/Xcode/DerivedData/KinyLib-dfysbgxavxecgyfprrkyshinjpgd/Build/Products/Debug-iphonesimulator",
				);
				INFOPLIST_FILE = M3U8Player/Info.plist;
				LD_RUNPATH_SEARCH_PATHS = "$(inherited) @executable_path/Frameworks";
				PRODUCT_NAME = "$(TARGET_NAME)";
				SWIFT_OBJC_BRIDGING_HEADER = /Users/kiny/Documents/M3U8Player/M3U8Player/Header.h;
			};
			name = Debug;
		};
		41F1E3EE1A19F0D0009A823F /* Release */ = {
			isa = XCBuildConfiguration;
			buildSettings = {
				ASSETCATALOG_COMPILER_APPICON_NAME = AppIcon;
				FRAMEWORK_SEARCH_PATHS = (
					"$(inherited)",
					"$(USER_LIBRARY_DIR)/Developer/Xcode/DerivedData/KinyLib-aqwpjntapjxvjggksvnqvqpjztkx/Build/Products/Debug-iphoneos",
					"$(USER_LIBRARY_DIR)/Developer/Xcode/DerivedData/KinyLib-erjqsiicavfjidgimdtcienrclpj/Build/Products/Debug-iphoneos",
					"$(USER_LIBRARY_DIR)/Developer/Xcode/DerivedData/KinyLib-erjqsiicavfjidgimdtcienrclpj/Build/Products/Debug-iphonesimulator",
					"$(USER_LIBRARY_DIR)/Developer/Xcode/DerivedData/KinyLib-dfysbgxavxecgyfprrkyshinjpgd/Build/Products/Debug-iphoneos",
					"$(USER_LIBRARY_DIR)/Developer/Xcode/DerivedData/KinyLib-dfysbgxavxecgyfprrkyshinjpgd/Build/Products/Debug-iphonesimulator",
				);
				INFOPLIST_FILE = M3U8Player/Info.plist;
				LD_RUNPATH_SEARCH_PATHS = "$(inherited) @executable_path/Frameworks";
				PRODUCT_NAME = "$(TARGET_NAME)";
				SWIFT_OBJC_BRIDGING_HEADER = /Users/kiny/Documents/M3U8Player/M3U8Player/Header.h;
			};
			name = Release;
		};
		41F1E3F01A19F0D0009A823F /* Debug */ = {
			isa = XCBuildConfiguration;
			buildSettings = {
				BUNDLE_LOADER = "$(TEST_HOST)";
				FRAMEWORK_SEARCH_PATHS = (
					"$(SDKROOT)/Developer/Library/Frameworks",
					"$(inherited)",
				);
				GCC_PREPROCESSOR_DEFINITIONS = (
					"DEBUG=1",
					"$(inherited)",
				);
				INFOPLIST_FILE = M3U8PlayerTests/Info.plist;
				LD_RUNPATH_SEARCH_PATHS = "$(inherited) @executable_path/Frameworks @loader_path/Frameworks";
				PRODUCT_NAME = "$(TARGET_NAME)";
				TEST_HOST = "$(BUILT_PRODUCTS_DIR)/M3U8Player.app/M3U8Player";
			};
			name = Debug;
		};
		41F1E3F11A19F0D0009A823F /* Release */ = {
			isa = XCBuildConfiguration;
			buildSettings = {
				BUNDLE_LOADER = "$(TEST_HOST)";
				FRAMEWORK_SEARCH_PATHS = (
					"$(SDKROOT)/Developer/Library/Frameworks",
					"$(inherited)",
				);
				INFOPLIST_FILE = M3U8PlayerTests/Info.plist;
				LD_RUNPATH_SEARCH_PATHS = "$(inherited) @executable_path/Frameworks @loader_path/Frameworks";
				PRODUCT_NAME = "$(TARGET_NAME)";
				TEST_HOST = "$(BUILT_PRODUCTS_DIR)/M3U8Player.app/M3U8Player";
			};
			name = Release;
		};
/* End XCBuildConfiguration section */

/* Begin XCConfigurationList section */
		41F1E3C81A19F0D0009A823F /* Build configuration list for PBXProject "M3U8Player" */ = {
			isa = XCConfigurationList;
			buildConfigurations = (
				41F1E3EA1A19F0D0009A823F /* Debug */,
				41F1E3EB1A19F0D0009A823F /* Release */,
			);
			defaultConfigurationIsVisible = 0;
			defaultConfigurationName = Release;
		};
		41F1E3EC1A19F0D0009A823F /* Build configuration list for PBXNativeTarget "M3U8Player" */ = {
			isa = XCConfigurationList;
			buildConfigurations = (
				41F1E3ED1A19F0D0009A823F /* Debug */,
				41F1E3EE1A19F0D0009A823F /* Release */,
			);
			defaultConfigurationIsVisible = 0;
			defaultConfigurationName = Release;
		};
		41F1E3EF1A19F0D0009A823F /* Build configuration list for PBXNativeTarget "M3U8PlayerTests" */ = {
			isa = XCConfigurationList;
			buildConfigurations = (
				41F1E3F01A19F0D0009A823F /* Debug */,
				41F1E3F11A19F0D0009A823F /* Release */,
			);
			defaultConfigurationIsVisible = 0;
			defaultConfigurationName = Release;
		};
/* End XCConfigurationList section */
	};
	rootObject = 41F1E3C51A19F0D0009A823F /* Project object */;
}
